
Microsoft Visual Studio Solution File, Format Version 12.00
# Visual Studio Version 17
VisualStudioVersion = 17.0.31903.59
MinimumVisualStudioVersion = 10.0.40219.1
Project("{2150E333-8FDC-42A3-9474-1A3956D46DE8}") = "src", "src", "{827E0CD3-B72D-47B6-A68D-7590B98EB39B}"
EndProject
Project("{FAE04EC0-301F-11D3-BF4B-00C04F79EFBC}") = "SIGA.WebApi", "src\SIGA.WebApi\SIGA.WebApi.csproj", "{85EFAC04-DA1C-4433-A6CF-A66F9E2F80C4}"
EndProject
Project("{FAE04EC0-301F-11D3-BF4B-00C04F79EFBC}") = "SIGA.Domain", "src\SIGA.Domain\SIGA.Domain.csproj", "{E44E134B-CC5C-437F-A545-5B13C92F313D}"
EndProject
Project("{FAE04EC0-301F-11D3-BF4B-00C04F79EFBC}") = "SIGA.Persistence", "src\SIGA.Persistence\SIGA.Persistence.csproj", "{365281DB-7A8B-455D-9789-DF27C3D3FB71}"
EndProject
Project("{FAE04EC0-301F-11D3-BF4B-00C04F79EFBC}") = "SIGA.Application", "src\SIGA.Application\SIGA.Application.csproj", "{15DAF7C8-A214-45C9-BD18-08736F4B087B}"
EndProject
Project("{FAE04EC0-301F-11D3-BF4B-00C04F79EFBC}") = "SIGA.Infrastructure", "src\SIGA.Infrastructure\SIGA.Infrastructure.csproj", "{491CFCB0-5A77-4159-88DB-991A8F9FE0AC}"
EndProject
Project("{FAE04EC0-301F-11D3-BF4B-00C04F79EFBC}") = "SIGA.WebApp", "src\SIGA.WebApp\SIGA.WebApp.csproj", "{910EA9B6-8BBC-4437-AC4C-F9568A0035E7}"
EndProject
Global
	GlobalSection(SolutionConfigurationPlatforms) = preSolution
		Debug|Any CPU = Debug|Any CPU
		Debug|x64 = Debug|x64
		Debug|x86 = Debug|x86
		Release|Any CPU = Release|Any CPU
		Release|x64 = Release|x64
		Release|x86 = Release|x86
	EndGlobalSection
	GlobalSection(ProjectConfigurationPlatforms) = postSolution
		{85EFAC04-DA1C-4433-A6CF-A66F9E2F80C4}.Debug|Any CPU.ActiveCfg = Debug|Any CPU
		{85EFAC04-DA1C-4433-A6CF-A66F9E2F80C4}.Debug|Any CPU.Build.0 = Debug|Any CPU
		{85EFAC04-DA1C-4433-A6CF-A66F9E2F80C4}.Debug|x64.ActiveCfg = Debug|Any CPU
		{85EFAC04-DA1C-4433-A6CF-A66F9E2F80C4}.Debug|x64.Build.0 = Debug|Any CPU
		{85EFAC04-DA1C-4433-A6CF-A66F9E2F80C4}.Debug|x86.ActiveCfg = Debug|Any CPU
		{85EFAC04-DA1C-4433-A6CF-A66F9E2F80C4}.Debug|x86.Build.0 = Debug|Any CPU
		{85EFAC04-DA1C-4433-A6CF-A66F9E2F80C4}.Release|Any CPU.ActiveCfg = Release|Any CPU
		{85EFAC04-DA1C-4433-A6CF-A66F9E2F80C4}.Release|Any CPU.Build.0 = Release|Any CPU
		{85EFAC04-DA1C-4433-A6CF-A66F9E2F80C4}.Release|x64.ActiveCfg = Release|Any CPU
		{85EFAC04-DA1C-4433-A6CF-A66F9E2F80C4}.Release|x64.Build.0 = Release|Any CPU
		{85EFAC04-DA1C-4433-A6CF-A66F9E2F80C4}.Release|x86.ActiveCfg = Release|Any CPU
		{85EFAC04-DA1C-4433-A6CF-A66F9E2F80C4}.Release|x86.Build.0 = Release|Any CPU
		{E44E134B-CC5C-437F-A545-5B13C92F313D}.Debug|Any CPU.ActiveCfg = Debug|Any CPU
		{E44E134B-CC5C-437F-A545-5B13C92F313D}.Debug|Any CPU.Build.0 = Debug|Any CPU
		{E44E134B-CC5C-437F-A545-5B13C92F313D}.Debug|x64.ActiveCfg = Debug|Any CPU
		{E44E134B-CC5C-437F-A545-5B13C92F313D}.Debug|x64.Build.0 = Debug|Any CPU
		{E44E134B-CC5C-437F-A545-5B13C92F313D}.Debug|x86.ActiveCfg = Debug|Any CPU
		{E44E134B-CC5C-437F-A545-5B13C92F313D}.Debug|x86.Build.0 = Debug|Any CPU
		{E44E134B-CC5C-437F-A545-5B13C92F313D}.Release|Any CPU.ActiveCfg = Release|Any CPU
		{E44E134B-CC5C-437F-A545-5B13C92F313D}.Release|Any CPU.Build.0 = Release|Any CPU
		{E44E134B-CC5C-437F-A545-5B13C92F313D}.Release|x64.ActiveCfg = Release|Any CPU
		{E44E134B-CC5C-437F-A545-5B13C92F313D}.Release|x64.Build.0 = Release|Any CPU
		{E44E134B-CC5C-437F-A545-5B13C92F313D}.Release|x86.ActiveCfg = Release|Any CPU
		{E44E134B-CC5C-437F-A545-5B13C92F313D}.Release|x86.Build.0 = Release|Any CPU
		{365281DB-7A8B-455D-9789-DF27C3D3FB71}.Debug|Any CPU.ActiveCfg = Debug|Any CPU
		{365281DB-7A8B-455D-9789-DF27C3D3FB71}.Debug|Any CPU.Build.0 = Debug|Any CPU
		{365281DB-7A8B-455D-9789-DF27C3D3FB71}.Debug|x64.ActiveCfg = Debug|Any CPU
		{365281DB-7A8B-455D-9789-DF27C3D3FB71}.Debug|x64.Build.0 = Debug|Any CPU
		{365281DB-7A8B-455D-9789-DF27C3D3FB71}.Debug|x86.ActiveCfg = Debug|Any CPU
		{365281DB-7A8B-455D-9789-DF27C3D3FB71}.Debug|x86.Build.0 = Debug|Any CPU
		{365281DB-7A8B-455D-9789-DF27C3D3FB71}.Release|Any CPU.ActiveCfg = Release|Any CPU
		{365281DB-7A8B-455D-9789-DF27C3D3FB71}.Release|Any CPU.Build.0 = Release|Any CPU
		{365281DB-7A8B-455D-9789-DF27C3D3FB71}.Release|x64.ActiveCfg = Release|Any CPU
		{365281DB-7A8B-455D-9789-DF27C3D3FB71}.Release|x64.Build.0 = Release|Any CPU
		{365281DB-7A8B-455D-9789-DF27C3D3FB71}.Release|x86.ActiveCfg = Release|Any CPU
		{365281DB-7A8B-455D-9789-DF27C3D3FB71}.Release|x86.Build.0 = Release|Any CPU
		{15DAF7C8-A214-45C9-BD18-08736F4B087B}.Debug|Any CPU.ActiveCfg = Debug|Any CPU
		{15DAF7C8-A214-45C9-BD18-08736F4B087B}.Debug|Any CPU.Build.0 = Debug|Any CPU
		{15DAF7C8-A214-45C9-BD18-08736F4B087B}.Debug|x64.ActiveCfg = Debug|Any CPU
		{15DAF7C8-A214-45C9-BD18-08736F4B087B}.Debug|x64.Build.0 = Debug|Any CPU
		{15DAF7C8-A214-45C9-BD18-08736F4B087B}.Debug|x86.ActiveCfg = Debug|Any CPU
		{15DAF7C8-A214-45C9-BD18-08736F4B087B}.Debug|x86.Build.0 = Debug|Any CPU
		{15DAF7C8-A214-45C9-BD18-08736F4B087B}.Release|Any CPU.ActiveCfg = Release|Any CPU
		{15DAF7C8-A214-45C9-BD18-08736F4B087B}.Release|Any CPU.Build.0 = Release|Any CPU
		{15DAF7C8-A214-45C9-BD18-08736F4B087B}.Release|x64.ActiveCfg = Release|Any CPU
		{15DAF7C8-A214-45C9-BD18-08736F4B087B}.Release|x64.Build.0 = Release|Any CPU
		{15DAF7C8-A214-45C9-BD18-08736F4B087B}.Release|x86.ActiveCfg = Release|Any CPU
		{15DAF7C8-A214-45C9-BD18-08736F4B087B}.Release|x86.Build.0 = Release|Any CPU
		{491CFCB0-5A77-4159-88DB-991A8F9FE0AC}.Debug|Any CPU.ActiveCfg = Debug|Any CPU
		{491CFCB0-5A77-4159-88DB-991A8F9FE0AC}.Debug|Any CPU.Build.0 = Debug|Any CPU
		{491CFCB0-5A77-4159-88DB-991A8F9FE0AC}.Debug|x64.ActiveCfg = Debug|Any CPU
		{491CFCB0-5A77-4159-88DB-991A8F9FE0AC}.Debug|x64.Build.0 = Debug|Any CPU
		{491CFCB0-5A77-4159-88DB-991A8F9FE0AC}.Debug|x86.ActiveCfg = Debug|Any CPU
		{491CFCB0-5A77-4159-88DB-991A8F9FE0AC}.Debug|x86.Build.0 = Debug|Any CPU
		{491CFCB0-5A77-4159-88DB-991A8F9FE0AC}.Release|Any CPU.ActiveCfg = Release|Any CPU
		{491CFCB0-5A77-4159-88DB-991A8F9FE0AC}.Release|Any CPU.Build.0 = Release|Any CPU
		{491CFCB0-5A77-4159-88DB-991A8F9FE0AC}.Release|x64.ActiveCfg = Release|Any CPU
		{491CFCB0-5A77-4159-88DB-991A8F9FE0AC}.Release|x64.Build.0 = Release|Any CPU
		{491CFCB0-5A77-4159-88DB-991A8F9FE0AC}.Release|x86.ActiveCfg = Release|Any CPU
		{491CFCB0-5A77-4159-88DB-991A8F9FE0AC}.Release|x86.Build.0 = Release|Any CPU
		{910EA9B6-8BBC-4437-AC4C-F9568A0035E7}.Debug|Any CPU.ActiveCfg = Debug|Any CPU
		{910EA9B6-8BBC-4437-AC4C-F9568A0035E7}.Debug|Any CPU.Build.0 = Debug|Any CPU
		{910EA9B6-8BBC-4437-AC4C-F9568A0035E7}.Debug|x64.ActiveCfg = Debug|Any CPU
		{910EA9B6-8BBC-4437-AC4C-F9568A0035E7}.Debug|x64.Build.0 = Debug|Any CPU
		{910EA9B6-8BBC-4437-AC4C-F9568A0035E7}.Debug|x86.ActiveCfg = Debug|Any CPU
		{910EA9B6-8BBC-4437-AC4C-F9568A0035E7}.Debug|x86.Build.0 = Debug|Any CPU
		{910EA9B6-8BBC-4437-AC4C-F9568A0035E7}.Release|Any CPU.ActiveCfg = Release|Any CPU
		{910EA9B6-8BBC-4437-AC4C-F9568A0035E7}.Release|Any CPU.Build.0 = Release|Any CPU
		{910EA9B6-8BBC-4437-AC4C-F9568A0035E7}.Release|x64.ActiveCfg = Release|Any CPU
		{910EA9B6-8BBC-4437-AC4C-F9568A0035E7}.Release|x64.Build.0 = Release|Any CPU
		{910EA9B6-8BBC-4437-AC4C-F9568A0035E7}.Release|x86.ActiveCfg = Release|Any CPU
		{910EA9B6-8BBC-4437-AC4C-F9568A0035E7}.Release|x86.Build.0 = Release|Any CPU
	EndGlobalSection
	GlobalSection(SolutionProperties) = preSolution
		HideSolutionNode = FALSE
	EndGlobalSection
	GlobalSection(NestedProjects) = preSolution
		{85EFAC04-DA1C-4433-A6CF-A66F9E2F80C4} = {827E0CD3-B72D-47B6-A68D-7590B98EB39B}
		{E44E134B-CC5C-437F-A545-5B13C92F313D} = {827E0CD3-B72D-47B6-A68D-7590B98EB39B}
		{365281DB-7A8B-455D-9789-DF27C3D3FB71} = {827E0CD3-B72D-47B6-A68D-7590B98EB39B}
		{15DAF7C8-A214-45C9-BD18-08736F4B087B} = {827E0CD3-B72D-47B6-A68D-7590B98EB39B}
		{491CFCB0-5A77-4159-88DB-991A8F9FE0AC} = {827E0CD3-B72D-47B6-A68D-7590B98EB39B}
		{910EA9B6-8BBC-4437-AC4C-F9568A0035E7} = {827E0CD3-B72D-47B6-A68D-7590B98EB39B}
	EndGlobalSection
EndGlobal
